
Microsoft Visual Studio Solution File, Format Version 12.00
# Visual Studio 15
VisualStudioVersion = 15.0.27004.2005
MinimumVisualStudioVersion = 10.0.40219.1
Project("{8BC9CEB8-8B4A-11D0-8D11-00A0C91BC942}") = "server", "server\server.vcxproj", "{CDC82094-B6C4-4E04-A483-681A6A177D37}"
EndProject
Global
	GlobalSection(SolutionConfigurationPlatforms) = preSolution
		Debug|ARM = Debug|ARM
		Release|ARM = Release|ARM
	EndGlobalSection
	GlobalSection(ProjectConfigurationPlatforms) = postSolution
		{CDC82094-B6C4-4E04-A483-681A6A177D37}.Debug|ARM.ActiveCfg = Debug|ARM
		{CDC82094-B6C4-4E04-A483-681A6A177D37}.Debug|ARM.Build.0 = Debug|ARM
		{CDC82094-B6C4-4E04-A483-681A6A177D37}.Release|ARM.ActiveCfg = Release|ARM
		{CDC82094-B6C4-4E04-A483-681A6A177D37}.Release|ARM.Build.0 = Release|ARM
	EndGlobalSection
	GlobalSection(SolutionProperties) = preSolution
		HideSolutionNode = FALSE
	EndGlobalSection
	GlobalSection(ExtensibilityGlobals) = postSolution
		SolutionGuid = {DF57620F-4F4A-48E8-B013-C8C96D08E4BF}
	EndGlobalSection
EndGlobal
